
Microsoft Visual Studio Solution File, Format Version 12.00
# Visual Studio Version 17
VisualStudioVersion = 17.7.34221.43
MinimumVisualStudioVersion = 10.0.40219.1
Project("{9A19103F-16F7-4668-BE54-9A1E7A4F7556}") = "EnglishApp", "EnglishApp\EnglishApp.csproj", "{12675EA2-0592-4F03-A12D-B7767811F56E}"
EndProject
Project("{FAE04EC0-301F-11D3-BF4B-00C04F79EFBC}") = "BLL", "BLL\BLL.csproj", "{8AA9B563-F301-4FD8-AD15-7DF5D3295AAD}"
EndProject
Global
	GlobalSection(SolutionConfigurationPlatforms) = preSolution
		Debug|Any CPU = Debug|Any CPU
		Release|Any CPU = Release|Any CPU
	EndGlobalSection
	GlobalSection(ProjectConfigurationPlatforms) = postSolution
		{12675EA2-0592-4F03-A12D-B7767811F56E}.Debug|Any CPU.ActiveCfg = Debug|Any CPU
		{12675EA2-0592-4F03-A12D-B7767811F56E}.Debug|Any CPU.Build.0 = Debug|Any CPU
		{12675EA2-0592-4F03-A12D-B7767811F56E}.Release|Any CPU.ActiveCfg = Release|Any CPU
		{12675EA2-0592-4F03-A12D-B7767811F56E}.Release|Any CPU.Build.0 = Release|Any CPU
		{8AA9B563-F301-4FD8-AD15-7DF5D3295AAD}.Debug|Any CPU.ActiveCfg = Debug|Any CPU
		{8AA9B563-F301-4FD8-AD15-7DF5D3295AAD}.Debug|Any CPU.Build.0 = Debug|Any CPU
		{8AA9B563-F301-4FD8-AD15-7DF5D3295AAD}.Release|Any CPU.ActiveCfg = Release|Any CPU
		{8AA9B563-F301-4FD8-AD15-7DF5D3295AAD}.Release|Any CPU.Build.0 = Release|Any CPU
	EndGlobalSection
	GlobalSection(SolutionProperties) = preSolution
		HideSolutionNode = FALSE
	EndGlobalSection
	GlobalSection(ExtensibilityGlobals) = postSolution
		SolutionGuid = {12628AB7-530D-4404-A43B-8614ECDE64FF}
	EndGlobalSection
EndGlobal
